
Microsoft Visual Studio Solution File, Format Version 12.00
# Visual Studio Version 17
VisualStudioVersion = 17.8.34408.163
MinimumVisualStudioVersion = 10.0.40219.1
Project("{8BC9CEB8-8B4A-11D0-8D11-00A0C91BC942}") = "lab-1", "lab-1\lab-1.vcxproj", "{4764F3FA-5DCB-406E-9635-ED8D06B4545C}"
EndProject
Project("{8BC9CEB8-8B4A-11D0-8D11-00A0C91BC942}") = "lab-2-1", "lab-2-1\lab-2-1.vcxproj", "{36018B1A-A30F-4B87-8AA1-E3E60B0C4010}"
EndProject
Global
	GlobalSection(SolutionConfigurationPlatforms) = preSolution
		Debug|x64 = Debug|x64
		Debug|x86 = Debug|x86
		Release|x64 = Release|x64
		Release|x86 = Release|x86
	EndGlobalSection
	GlobalSection(ProjectConfigurationPlatforms) = postSolution
		{4764F3FA-5DCB-406E-9635-ED8D06B4545C}.Debug|x64.ActiveCfg = Debug|x64
		{4764F3FA-5DCB-406E-9635-ED8D06B4545C}.Debug|x64.Build.0 = Debug|x64
		{4764F3FA-5DCB-406E-9635-ED8D06B4545C}.Debug|x86.ActiveCfg = Debug|Win32
		{4764F3FA-5DCB-406E-9635-ED8D06B4545C}.Debug|x86.Build.0 = Debug|Win32
		{4764F3FA-5DCB-406E-9635-ED8D06B4545C}.Release|x64.ActiveCfg = Release|x64
		{4764F3FA-5DCB-406E-9635-ED8D06B4545C}.Release|x64.Build.0 = Release|x64
		{4764F3FA-5DCB-406E-9635-ED8D06B4545C}.Release|x86.ActiveCfg = Release|Win32
		{4764F3FA-5DCB-406E-9635-ED8D06B4545C}.Release|x86.Build.0 = Release|Win32
		{36018B1A-A30F-4B87-8AA1-E3E60B0C4010}.Debug|x64.ActiveCfg = Debug|x64
		{36018B1A-A30F-4B87-8AA1-E3E60B0C4010}.Debug|x64.Build.0 = Debug|x64
		{36018B1A-A30F-4B87-8AA1-E3E60B0C4010}.Debug|x86.ActiveCfg = Debug|Win32
		{36018B1A-A30F-4B87-8AA1-E3E60B0C4010}.Debug|x86.Build.0 = Debug|Win32
		{36018B1A-A30F-4B87-8AA1-E3E60B0C4010}.Release|x64.ActiveCfg = Release|x64
		{36018B1A-A30F-4B87-8AA1-E3E60B0C4010}.Release|x64.Build.0 = Release|x64
		{36018B1A-A30F-4B87-8AA1-E3E60B0C4010}.Release|x86.ActiveCfg = Release|Win32
		{36018B1A-A30F-4B87-8AA1-E3E60B0C4010}.Release|x86.Build.0 = Release|Win32
	EndGlobalSection
	GlobalSection(SolutionProperties) = preSolution
		HideSolutionNode = FALSE
	EndGlobalSection
	GlobalSection(ExtensibilityGlobals) = postSolution
		SolutionGuid = {2B8B267E-97EF-41C1-B4F0-1B9B55C851BB}
	EndGlobalSection
EndGlobal
